{
  "name": "abap-file-formats",
  "version": "0.0.0",
  "lockfileVersion": 3,
  "requires": true,
  "packages": {
    "": {
      "name": "abap-file-formats",
      "version": "0.0.0",
      "license": "MIT",
      "dependencies": {
        "@abaplint/database-sqlite": "^2.13.83",
        "@abaplint/runtime": "^2.13.90",
        "@abaplint/transpiler-cli": "^2.13.90",
        "@actions/core": "^3.0.1"
      }
    },
    "node_modules/@abaplint/database-sqlite": {
      "version": "2.13.83",
      "resolved": "https://registry.npmjs.org/@abaplint/database-sqlite/-/database-sqlite-2.13.83.tgz",
      "integrity": "sha512-L5+IPwq4rcPAHPOSeJYUukqbD7SY26VfgSsLqZL9m8H2BGB02MfiMqlzmZ4m+Vpggy6zzjLjFH/CKwoBwx4ocw==",
      "license": "MIT",
      "dependencies": {
        "sql.js": "^1.14.2"
      }
    },
    "node_modules/@abaplint/runtime": {
      "version": "2.13.90",
      "resolved": "https://registry.npmjs.org/@abaplint/runtime/-/runtime-2.13.90.tgz",
      "integrity": "sha512-g5XX+7OwuBv7jCEHb+InIOqvTJuqc2dGn6hNVzx1jBiumfBAqRJ2eVcsrqD7Lz5Pt/UPPLKnl2Yzz0mh0g8TCw==",
      "license": "MIT",
      "dependencies": {
        "temporal-polyfill": "^1.0.4"
      },
      "funding": {
        "url": "https://github.com/sponsors/larshp"
      }
    },
    "node_modules/@abaplint/transpiler-cli": {
      "version": "2.13.90",
      "resolved": "https://registry.npmjs.org/@abaplint/transpiler-cli/-/transpiler-cli-2.13.90.tgz",
      "integrity": "sha512-jwnAGXrXFkXWRDqsErV5kDQa9ylxFRUTGviuI5gpKFBFsPntdLGzjVOir5PH2XbbtrN2FxYh+uht5/x2EiZv3w==",
      "license": "MIT",
      "bin": {
        "abap_transpile": "abap_transpile"
      },
      "funding": {
        "url": "https://github.com/sponsors/larshp"
      }
    },
    "node_modules/@actions/core": {
      "version": "3.0.1",
      "resolved": "https://registry.npmjs.org/@actions/core/-/core-3.0.1.tgz",
      "integrity": "sha512-a6d/Nwahm9fliVGRhdhofo40HjHQasUPusmc7vBfyky+7Z+P2A1J68zyFVaNcEclc/Se+eO595oAr5nwEIoIUA==",
      "license": "MIT",
      "dependencies": {
        "@actions/exec": "^3.0.0",
        "@actions/http-client": "^4.0.0"
      }
    },
    "node_modules/@actions/exec": {
      "version": "3.0.0",
      "resolved": "https://registry.npmjs.org/@actions/exec/-/exec-3.0.0.tgz",
      "integrity": "sha512-6xH/puSoNBXb72VPlZVm7vQ+svQpFyA96qdDBvhB8eNZOE8LtPf9L4oAsfzK/crCL8YZ+19fKYVnM63Sl+Xzlw==",
      "license": "MIT",
      "dependencies": {
        "@actions/io": "^3.0.2"
      }
    },
    "node_modules/@actions/http-client": {
      "version": "4.0.1",
      "resolved": "https://registry.npmjs.org/@actions/http-client/-/http-client-4.0.1.tgz",
      "integrity": "sha512-+Nvd1ImaOZBSoPbsUtEhv+1z99H12xzncCkz0a3RuehINE81FZSe2QTj3uvAPTcJX/SCzUQHQ0D1GrPMbrPitg==",
      "license": "MIT",
      "dependencies": {
        "tunnel": "^0.0.6",
        "undici": "^6.23.0"
      }
    },
    "node_modules/@actions/io": {
      "version": "3.0.2",
      "resolved": "https://registry.npmjs.org/@actions/io/-/io-3.0.2.tgz",
      "integrity": "sha512-nRBchcMM+QK1pdjO7/idu86rbJI5YHUKCvKs0KxnSYbVe3F51UfGxuZX4Qy/fWlp6l7gWFwIkrOzN+oUK03kfw==",
      "license": "MIT"
    },
    "node_modules/sql.js": {
      "version": "1.14.2",
      "resolved": "https://registry.npmjs.org/sql.js/-/sql.js-1.14.2.tgz",
      "integrity": "sha512-3ZGPovObMFrdw79zrUHbfdE/DLIsy8jdNdssmMSQuRAymedU6q84asPt0kgiqrdMYlPegDItiIMfmIXzZnYFcw==",
      "license": "MIT"
    },
    "node_modules/temporal-polyfill": {
      "version": "1.0.5",
      "resolved": "https://registry.npmjs.org/temporal-polyfill/-/temporal-polyfill-1.0.5.tgz",
      "integrity": "sha512-+H/mmY74i6wXCMcjIhGuSnODcyZnc4eois2myhOyX0UqRAKNXQY5m9iB1en5jQ/n4SXtjLXo1ElBI5bmn8tZwQ==",
      "license": "MIT",
      "dependencies": {
        "temporal-spec": "1.0.1",
        "temporal-utils": "1.0.3"
      }
    },
    "node_modules/temporal-spec": {
      "version": "1.0.1",
      "resolved": "https://registry.npmjs.org/temporal-spec/-/temporal-spec-1.0.1.tgz",
      "integrity": "sha512-wxVoanmDeavXie1vu2JaQ3WIc3JZnWAOYFBsJyATaVsXsycKYUflGsyBmrRSnoCpZJpwPyr38VpgSUlQ8CbFxg==",
      "license": "Apache-2.0"
    },
    "node_modules/temporal-utils": {
      "version": "1.0.3",
      "resolved": "https://registry.npmjs.org/temporal-utils/-/temporal-utils-1.0.3.tgz",
      "integrity": "sha512-9jbTSX3HvkOWvDpNpFzwX/d1mkCrgQgwLmVTOEiuocZGKHsrQJtttGZFmybJ2zYP5zCSZuU5ZyeS8+eOEPABiQ==",
      "license": "MIT"
    },
    "node_modules/tunnel": {
      "version": "0.0.6",
      "resolved": "https://registry.npmjs.org/tunnel/-/tunnel-0.0.6.tgz",
      "integrity": "sha512-1h/Lnq9yajKY2PEbBadPXj3VxsDDu844OnaAo52UVmIzIvwwtBPIuNvkjuzBlTWpfJyUbG3ez0KSBibQkj4ojg==",
      "license": "MIT",
      "engines": {
        "node": ">=0.6.11 <=0.7.0 || >=0.7.3"
      }
    },
    "node_modules/undici": {
      "version": "6.28.0",
      "resolved": "https://registry.npmjs.org/undici/-/undici-6.28.0.tgz",
      "integrity": "sha512-LIY910g9TI13YS95lrMFrs8Rm/u/irgHeTWoKCoteeJ04CUJ92eEfj0rVn+7VKMPBpUPiUoBKfhNyLI23EE/KA==",
      "license": "MIT",
      "engines": {
        "node": ">=18.17"
      }
    }
  }
}
