{
  "name": "json-schema-compatible",
  "version": "1.0.0",
  "lockfileVersion": 3,
  "requires": true,
  "packages": {
    "": {
      "name": "json-schema-compatible",
      "version": "1.0.0",
      "license": "ISC",
      "dependencies": {
        "json-schema-diff-validator": "^0.4.1"
      }
    },
    "node_modules/fast-deep-equal": {
      "version": "2.0.1",
      "resolved": "https://registry.npmjs.org/fast-deep-equal/-/fast-deep-equal-2.0.1.tgz",
      "integrity": "sha512-bCK/2Z4zLidyB4ReuIsvALH6w31YfAQDmXMqMx6FyfHqvBxtjC0eRumeSu4Bs3XtXwpyIywtSTrVT99BxY1f9w=="
    },
    "node_modules/fast-json-patch": {
      "version": "2.2.1",
      "resolved": "https://registry.npmjs.org/fast-json-patch/-/fast-json-patch-2.2.1.tgz",
      "integrity": "sha512-4j5uBaTnsYAV5ebkidvxiLUYOwjQ+JSFljeqfTxCrH9bDmlCQaOJFS84oDJ2rAXZq2yskmk3ORfoP9DCwqFNig==",
      "dependencies": {
        "fast-deep-equal": "^2.0.1"
      },
      "engines": {
        "node": ">= 0.4.0"
      }
    },
    "node_modules/foreach": {
      "version": "2.0.6",
      "resolved": "https://registry.npmjs.org/foreach/-/foreach-2.0.6.tgz",
      "integrity": "sha512-k6GAGDyqLe9JaebCsFCoudPPWfihKu8pylYXRlqP1J7ms39iPoTtk2fviNglIeQEwdh0bQeKJ01ZPyuyQvKzwg=="
    },
    "node_modules/json-pointer": {
      "version": "0.6.2",
      "resolved": "https://registry.npmjs.org/json-pointer/-/json-pointer-0.6.2.tgz",
      "integrity": "sha512-vLWcKbOaXlO+jvRy4qNd+TI1QUPZzfJj1tpJ3vAXDych5XJf93ftpUKe5pKCrzyIIwgBJcOcCVRUfqQP25afBw==",
      "dependencies": {
        "foreach": "^2.0.4"
      }
    },
    "node_modules/json-schema-diff-validator": {
      "version": "0.4.1",
      "resolved": "https://registry.npmjs.org/json-schema-diff-validator/-/json-schema-diff-validator-0.4.1.tgz",
      "integrity": "sha512-feIljaEKpucJozf3o3zCqhJ3q1RfTOTXr0RUXALuOhJ3vZ+kfmy3ZORgGJ7XsXQ+pwq6TZMfukivB8nxt3XmxA==",
      "dependencies": {
        "fast-json-patch": "^2.0.5",
        "json-pointer": "^0.6.0"
      },
      "bin": {
        "json-schema-diff-validator": "dist/bin/cli.js"
      }
    }
  }
}
